
Microsoft Visual Studio Solution File, Format Version 12.00
# Visual Studio Version 17
VisualStudioVersion = 17.0.32112.339
MinimumVisualStudioVersion = 10.0.40219.1
Project("{FAE04EC0-301F-11D3-BF4B-00C04F79EFBC}") = "BethysPieShop", "BethysPieShop\BethysPieShop.csproj", "{4D5E18F5-AD7C-42B8-B0FB-C7C354458D5D}"
EndProject
Project("{FAE04EC0-301F-11D3-BF4B-00C04F79EFBC}") = "BethysPieShop.Domain", "BethysPieShop.Domain\BethysPieShop.Domain.csproj", "{B7919C18-F130-4C2F-9F8F-8BC79DEAF60B}"
EndProject
Project("{FAE04EC0-301F-11D3-BF4B-00C04F79EFBC}") = "BethysPieShop.Infrastracture", "BethysPieShop.Infrastracture\BethysPieShop.Infrastracture.csproj", "{2A97B234-4883-47BF-9E4B-7A27B9598679}"
EndProject
Global
	GlobalSection(SolutionConfigurationPlatforms) = preSolution
		Debug|Any CPU = Debug|Any CPU
		Release|Any CPU = Release|Any CPU
	EndGlobalSection
	GlobalSection(ProjectConfigurationPlatforms) = postSolution
		{4D5E18F5-AD7C-42B8-B0FB-C7C354458D5D}.Debug|Any CPU.ActiveCfg = Debug|Any CPU
		{4D5E18F5-AD7C-42B8-B0FB-C7C354458D5D}.Debug|Any CPU.Build.0 = Debug|Any CPU
		{4D5E18F5-AD7C-42B8-B0FB-C7C354458D5D}.Release|Any CPU.ActiveCfg = Release|Any CPU
		{4D5E18F5-AD7C-42B8-B0FB-C7C354458D5D}.Release|Any CPU.Build.0 = Release|Any CPU
		{B7919C18-F130-4C2F-9F8F-8BC79DEAF60B}.Debug|Any CPU.ActiveCfg = Debug|Any CPU
		{B7919C18-F130-4C2F-9F8F-8BC79DEAF60B}.Debug|Any CPU.Build.0 = Debug|Any CPU
		{B7919C18-F130-4C2F-9F8F-8BC79DEAF60B}.Release|Any CPU.ActiveCfg = Release|Any CPU
		{B7919C18-F130-4C2F-9F8F-8BC79DEAF60B}.Release|Any CPU.Build.0 = Release|Any CPU
		{2A97B234-4883-47BF-9E4B-7A27B9598679}.Debug|Any CPU.ActiveCfg = Debug|Any CPU
		{2A97B234-4883-47BF-9E4B-7A27B9598679}.Debug|Any CPU.Build.0 = Debug|Any CPU
		{2A97B234-4883-47BF-9E4B-7A27B9598679}.Release|Any CPU.ActiveCfg = Release|Any CPU
		{2A97B234-4883-47BF-9E4B-7A27B9598679}.Release|Any CPU.Build.0 = Release|Any CPU
	EndGlobalSection
	GlobalSection(SolutionProperties) = preSolution
		HideSolutionNode = FALSE
	EndGlobalSection
	GlobalSection(ExtensibilityGlobals) = postSolution
		SolutionGuid = {AEA0C42F-B77A-466A-A324-BF01EB875685}
	EndGlobalSection
EndGlobal
